
Microsoft Visual Studio Solution File, Format Version 12.00
# Visual Studio Version 17
VisualStudioVersion = 17.11.35303.130
MinimumVisualStudioVersion = 10.0.40219.1
Project("{FAE04EC0-301F-11D3-BF4B-00C04F79EFBC}") = "RaftLabsAssignment2025", "RaftLabsAssignment2025\RaftLabsAssignment2025.csproj", "{129BAF6F-020F-4E8F-B312-75C08E47E48D}"
EndProject
Project("{FAE04EC0-301F-11D3-BF4B-00C04F79EFBC}") = "RaftLabsAssignment2025.ConsoleApp", "RaftLabsAssignment2025.ConsoleApp\RaftLabsAssignment2025.ConsoleApp.csproj", "{7DFEBBDA-86FB-4767-A9C6-508A4BFCE0F6}"
EndProject
Project("{FAE04EC0-301F-11D3-BF4B-00C04F79EFBC}") = "RaftLabsAssignment2025.Tests", "RaftLabsAssignment2025.Tests\RaftLabsAssignment2025.Tests.csproj", "{BD890AA2-BEA1-413E-B399-87F281D49369}"
EndProject
Global
	GlobalSection(SolutionConfigurationPlatforms) = preSolution
		Debug|Any CPU = Debug|Any CPU
		Release|Any CPU = Release|Any CPU
	EndGlobalSection
	GlobalSection(ProjectConfigurationPlatforms) = postSolution
		{129BAF6F-020F-4E8F-B312-75C08E47E48D}.Debug|Any CPU.ActiveCfg = Debug|Any CPU
		{129BAF6F-020F-4E8F-B312-75C08E47E48D}.Debug|Any CPU.Build.0 = Debug|Any CPU
		{129BAF6F-020F-4E8F-B312-75C08E47E48D}.Release|Any CPU.ActiveCfg = Release|Any CPU
		{129BAF6F-020F-4E8F-B312-75C08E47E48D}.Release|Any CPU.Build.0 = Release|Any CPU
		{7DFEBBDA-86FB-4767-A9C6-508A4BFCE0F6}.Debug|Any CPU.ActiveCfg = Debug|Any CPU
		{7DFEBBDA-86FB-4767-A9C6-508A4BFCE0F6}.Debug|Any CPU.Build.0 = Debug|Any CPU
		{7DFEBBDA-86FB-4767-A9C6-508A4BFCE0F6}.Release|Any CPU.ActiveCfg = Release|Any CPU
		{7DFEBBDA-86FB-4767-A9C6-508A4BFCE0F6}.Release|Any CPU.Build.0 = Release|Any CPU
		{BD890AA2-BEA1-413E-B399-87F281D49369}.Debug|Any CPU.ActiveCfg = Debug|Any CPU
		{BD890AA2-BEA1-413E-B399-87F281D49369}.Debug|Any CPU.Build.0 = Debug|Any CPU
		{BD890AA2-BEA1-413E-B399-87F281D49369}.Release|Any CPU.ActiveCfg = Release|Any CPU
		{BD890AA2-BEA1-413E-B399-87F281D49369}.Release|Any CPU.Build.0 = Release|Any CPU
	EndGlobalSection
	GlobalSection(SolutionProperties) = preSolution
		HideSolutionNode = FALSE
	EndGlobalSection
	GlobalSection(ExtensibilityGlobals) = postSolution
		SolutionGuid = {880BCF51-BB47-4B6A-9E20-C6EB086B6E0D}
	EndGlobalSection
EndGlobal
